// !$*UTF8*$!
{
	archiveVersion = 1;
	classes = {
	};
	objectVersion = 46;
	objects = {

/* Begin PBXBuildFile section */
		F594A8D91C71EB0B00D70DB6 /* OfferTableViewCell.m in Sources */ = {isa = PBXBuildFile; fileRef = F594A8D81C71EB0B00D70DB6 /* OfferTableViewCell.m */; };
		F5A306421C6C838100AB8A27 /* main.m in Sources */ = {isa = PBXBuildFile; fileRef = F5A306411C6C838100AB8A27 /* main.m */; };
		F5A306451C6C838100AB8A27 /* AppDelegate.m in Sources */ = {isa = PBXBuildFile; fileRef = F5A306441C6C838100AB8A27 /* AppDelegate.m */; };
		F5A306481C6C838100AB8A27 /* ViewController.m in Sources */ = {isa = PBXBuildFile; fileRef = F5A306471C6C838100AB8A27 /* ViewController.m */; };
		F5A3064B1C6C838100AB8A27 /* Main.storyboard in Resources */ = {isa = PBXBuildFile; fileRef = F5A306491C6C838100AB8A27 /* Main.storyboard */; };
		F5A3064D1C6C838100AB8A27 /* Assets.xcassets in Resources */ = {isa = PBXBuildFile; fileRef = F5A3064C1C6C838100AB8A27 /* Assets.xcassets */; };
		F5A306501C6C838100AB8A27 /* LaunchScreen.storyboard in Resources */ = {isa = PBXBuildFile; fileRef = F5A3064E1C6C838100AB8A27 /* LaunchScreen.storyboard */; };
		F5A306741C6C854E00AB8A27 /* list_titlebar_bg.png in Resources */ = {isa = PBXBuildFile; fileRef = F5A306731C6C854E00AB8A27 /* list_titlebar_bg.png */; };
		F5F33F8C1C7AF9CD00D55FDF /* RMOutlineBox.m in Sources */ = {isa = PBXBuildFile; fileRef = F5F33F891C7AF9CD00D55FDF /* RMOutlineBox.m */; };
		F5F33F8D1C7AF9CD00D55FDF /* RMScannerView.m in Sources */ = {isa = PBXBuildFile; fileRef = F5F33F8B1C7AF9CD00D55FDF /* RMScannerView.m */; };
/* End PBXBuildFile section */

/* Begin PBXContainerItemProxy section */
		F5A306571C6C838200AB8A27 /* PBXContainerItemProxy */ = {
			isa = PBXContainerItemProxy;
			containerPortal = F5A306351C6C838100AB8A27 /* Project object */;
			proxyType = 1;
			remoteGlobalIDString = F5A3063C1C6C838100AB8A27;
			remoteInfo = IndixProductScanner;
		};
		F5A306621C6C838200AB8A27 /* PBXContainerItemProxy */ = {
			isa = PBXContainerItemProxy;
			containerPortal = F5A306351C6C838100AB8A27 /* Project object */;
			proxyType = 1;
			remoteGlobalIDString = F5A3063C1C6C838100AB8A27;
			remoteInfo = IndixProductScanner;
		};
/* End PBXContainerItemProxy section */

/* Begin PBXFileReference section */
		F594A8D71C71EB0B00D70DB6 /* OfferTableViewCell.h */ = {isa = PBXFileReference; fileEncoding = 4; lastKnownFileType = sourcecode.c.h; path = OfferTableViewCell.h; sourceTree = "<group>"; };
		F594A8D81C71EB0B00D70DB6 /* OfferTableViewCell.m */ = {isa = PBXFileReference; fileEncoding = 4; lastKnownFileType = sourcecode.c.objc; path = OfferTableViewCell.m; sourceTree = "<group>"; };
		F5A3063D1C6C838100AB8A27 /* IndixProductScanner.app */ = {isa = PBXFileReference; explicitFileType = wrapper.application; includeInIndex = 0; path = IndixProductScanner.app; sourceTree = BUILT_PRODUCTS_DIR; };
		F5A306411C6C838100AB8A27 /* main.m */ = {isa = PBXFileReference; lastKnownFileType = sourcecode.c.objc; path = main.m; sourceTree = "<group>"; };
		F5A306431C6C838100AB8A27 /* AppDelegate.h */ = {isa = PBXFileReference; lastKnownFileType = sourcecode.c.h; path = AppDelegate.h; sourceTree = "<group>"; };
		F5A306441C6C838100AB8A27 /* AppDelegate.m */ = {isa = PBXFileReference; lastKnownFileType = sourcecode.c.objc; path = AppDelegate.m; sourceTree = "<group>"; };
		F5A306461C6C838100AB8A27 /* ViewController.h */ = {isa = PBXFileReference; lastKnownFileType = sourcecode.c.h; path = ViewController.h; sourceTree = "<group>"; };
		F5A306471C6C838100AB8A27 /* ViewController.m */ = {isa = PBXFileReference; lastKnownFileType = sourcecode.c.objc; path = ViewController.m; sourceTree = "<group>"; };
		F5A3064A1C6C838100AB8A27 /* Base */ = {isa = PBXFileReference; lastKnownFileType = file.storyboard; name = Base; path = Base.lproj/Main.storyboard; sourceTree = "<group>"; };
		F5A3064C1C6C838100AB8A27 /* Assets.xcassets */ = {isa = PBXFileReference; lastKnownFileType = folder.assetcatalog; path = Assets.xcassets; sourceTree = "<group>"; };
		F5A3064F1C6C838100AB8A27 /* Base */ = {isa = PBXFileReference; lastKnownFileType = file.storyboard; name = Base; path = Base.lproj/LaunchScreen.storyboard; sourceTree = "<group>"; };
		F5A306511C6C838100AB8A27 /* Info.plist */ = {isa = PBXFileReference; lastKnownFileType = text.plist.xml; path = Info.plist; sourceTree = "<group>"; };
		F5A306561C6C838200AB8A27 /* IndixProductScannerTests.xctest */ = {isa = PBXFileReference; explicitFileType = wrapper.cfbundle; includeInIndex = 0; path = IndixProductScannerTests.xctest; sourceTree = BUILT_PRODUCTS_DIR; };
		F5A306611C6C838200AB8A27 /* IndixProductScannerUITests.xctest */ = {isa = PBXFileReference; explicitFileType = wrapper.cfbundle; includeInIndex = 0; path = IndixProductScannerUITests.xctest; sourceTree = BUILT_PRODUCTS_DIR; };
		F5A306731C6C854E00AB8A27 /* list_titlebar_bg.png */ = {isa = PBXFileReference; lastKnownFileType = image.png; path = list_titlebar_bg.png; sourceTree = "<group>"; };
		F5F33F881C7AF9CD00D55FDF /* RMOutlineBox.h */ = {isa = PBXFileReference; fileEncoding = 4; lastKnownFileType = sourcecode.c.h; name = RMOutlineBox.h; path = RMScannerView/RMOutlineBox.h; sourceTree = "<group>"; };
		F5F33F891C7AF9CD00D55FDF /* RMOutlineBox.m */ = {isa = PBXFileReference; fileEncoding = 4; lastKnownFileType = sourcecode.c.objc; name = RMOutlineBox.m; path = RMScannerView/RMOutlineBox.m; sourceTree = "<group>"; };
		F5F33F8A1C7AF9CD00D55FDF /* RMScannerView.h */ = {isa = PBXFileReference; fileEncoding = 4; lastKnownFileType = sourcecode.c.h; name = RMScannerView.h; path = RMScannerView/RMScannerView.h; sourceTree = "<group>"; };
		F5F33F8B1C7AF9CD00D55FDF /* RMScannerView.m */ = {isa = PBXFileReference; fileEncoding = 4; lastKnownFileType = sourcecode.c.objc; name = RMScannerView.m; path = RMScannerView/RMScannerView.m; sourceTree = "<group>"; };
/* End PBXFileReference section */

/* Begin PBXFrameworksBuildPhase section */
		F5A3063A1C6C838100AB8A27 /* Frameworks */ = {
			isa = PBXFrameworksBuildPhase;
			buildActionMask = 2147483647;
			files = (
			);
			runOnlyForDeploymentPostprocessing = 0;
		};
		F5A306531C6C838200AB8A27 /* Frameworks */ = {
			isa = PBXFrameworksBuildPhase;
			buildActionMask = 2147483647;
			files = (
			);
			runOnlyForDeploymentPostprocessing = 0;
		};
		F5A3065E1C6C838200AB8A27 /* Frameworks */ = {
			isa = PBXFrameworksBuildPhase;
			buildActionMask = 2147483647;
			files = (
			);
			runOnlyForDeploymentPostprocessing = 0;
		};
/* End PBXFrameworksBuildPhase section */

/* Begin PBXGroup section */
		F5A306341C6C838100AB8A27 = {
			isa = PBXGroup;
			children = (
				F5A3063F1C6C838100AB8A27 /* IndixProductScanner */,
				F5A3063E1C6C838100AB8A27 /* Products */,
			);
			sourceTree = "<group>";
		};
		F5A3063E1C6C838100AB8A27 /* Products */ = {
			isa = PBXGroup;
			children = (
				F5A3063D1C6C838100AB8A27 /* IndixProductScanner.app */,
				F5A306561C6C838200AB8A27 /* IndixProductScannerTests.xctest */,
				F5A306611C6C838200AB8A27 /* IndixProductScannerUITests.xctest */,
			);
			name = Products;
			sourceTree = "<group>";
		};
		F5A3063F1C6C838100AB8A27 /* IndixProductScanner */ = {
			isa = PBXGroup;
			children = (
				F5A306731C6C854E00AB8A27 /* list_titlebar_bg.png */,
				F5A306431C6C838100AB8A27 /* AppDelegate.h */,
				F5A306441C6C838100AB8A27 /* AppDelegate.m */,
				F5A306461C6C838100AB8A27 /* ViewController.h */,
				F5A306471C6C838100AB8A27 /* ViewController.m */,
				F5F33F8E1C7AF9D200D55FDF /* RMScannerView */,
				F5A306491C6C838100AB8A27 /* Main.storyboard */,
				F5A3064C1C6C838100AB8A27 /* Assets.xcassets */,
				F5A3064E1C6C838100AB8A27 /* LaunchScreen.storyboard */,
				F5A306511C6C838100AB8A27 /* Info.plist */,
				F5A306401C6C838100AB8A27 /* Supporting Files */,
				F594A8D71C71EB0B00D70DB6 /* OfferTableViewCell.h */,
				F594A8D81C71EB0B00D70DB6 /* OfferTableViewCell.m */,
			);
			path = IndixProductScanner;
			sourceTree = "<group>";
		};
		F5A306401C6C838100AB8A27 /* Supporting Files */ = {
			isa = PBXGroup;
			children = (
				F5A306411C6C838100AB8A27 /* main.m */,
			);
			name = "Supporting Files";
			sourceTree = "<group>";
		};
		F5F33F8E1C7AF9D200D55FDF /* RMScannerView */ = {
			isa = PBXGroup;
			children = (
				F5F33F881C7AF9CD00D55FDF /* RMOutlineBox.h */,
				F5F33F891C7AF9CD00D55FDF /* RMOutlineBox.m */,
				F5F33F8A1C7AF9CD00D55FDF /* RMScannerView.h */,
				F5F33F8B1C7AF9CD00D55FDF /* RMScannerView.m */,
			);
			name = RMScannerView;
			sourceTree = "<group>";
		};
/* End PBXGroup section */

/* Begin PBXNativeTarget section */
		F5A3063C1C6C838100AB8A27 /* IndixProductScanner */ = {
			isa = PBXNativeTarget;
			buildConfigurationList = F5A3066A1C6C838200AB8A27 /* Build configuration list for PBXNativeTarget "IndixProductScanner" */;
			buildPhases = (
				F5A306391C6C838100AB8A27 /* Sources */,
				F5A3063A1C6C838100AB8A27 /* Frameworks */,
				F5A3063B1C6C838100AB8A27 /* Resources */,
			);
			buildRules = (
			);
			dependencies = (
			);
			name = IndixProductScanner;
			productName = IndixProductScanner;
			productReference = F5A3063D1C6C838100AB8A27 /* IndixProductScanner.app */;
			productType = "com.apple.product-type.application";
		};
		F5A306551C6C838200AB8A27 /* IndixProductScannerTests */ = {
			isa = PBXNativeTarget;
			buildConfigurationList = F5A3066D1C6C838200AB8A27 /* Build configuration list for PBXNativeTarget "IndixProductScannerTests" */;
			buildPhases = (
				F5A306521C6C838200AB8A27 /* Sources */,
				F5A306531C6C838200AB8A27 /* Frameworks */,
				F5A306541C6C838200AB8A27 /* Resources */,
			);
			buildRules = (
			);
			dependencies = (
				F5A306581C6C838200AB8A27 /* PBXTargetDependency */,
			);
			name = IndixProductScannerTests;
			productName = IndixProductScannerTests;
			productReference = F5A306561C6C838200AB8A27 /* IndixProductScannerTests.xctest */;
			productType = "com.apple.product-type.bundle.unit-test";
		};
		F5A306601C6C838200AB8A27 /* IndixProductScannerUITests */ = {
			isa = PBXNativeTarget;
			buildConfigurationList = F5A306701C6C838200AB8A27 /* Build configuration list for PBXNativeTarget "IndixProductScannerUITests" */;
			buildPhases = (
				F5A3065D1C6C838200AB8A27 /* Sources */,
				F5A3065E1C6C838200AB8A27 /* Frameworks */,
				F5A3065F1C6C838200AB8A27 /* Resources */,
			);
			buildRules = (
			);
			dependencies = (
				F5A306631C6C838200AB8A27 /* PBXTargetDependency */,
			);
			name = IndixProductScannerUITests;
			productName = IndixProductScannerUITests;
			productReference = F5A306611C6C838200AB8A27 /* IndixProductScannerUITests.xctest */;
			productType = "com.apple.product-type.bundle.ui-testing";
		};
/* End PBXNativeTarget section */

/* Begin PBXProject section */
		F5A306351C6C838100AB8A27 /* Project object */ = {
			isa = PBXProject;
			attributes = {
				LastUpgradeCheck = 0720;
				ORGANIZATIONNAME = Indix;
				TargetAttributes = {
					F5A3063C1C6C838100AB8A27 = {
						CreatedOnToolsVersion = 7.2.1;
					};
					F5A306551C6C838200AB8A27 = {
						CreatedOnToolsVersion = 7.2.1;
						TestTargetID = F5A3063C1C6C838100AB8A27;
					};
					F5A306601C6C838200AB8A27 = {
						CreatedOnToolsVersion = 7.2.1;
						TestTargetID = F5A3063C1C6C838100AB8A27;
					};
				};
			};
			buildConfigurationList = F5A306381C6C838100AB8A27 /* Build configuration list for PBXProject "IndixProductScanner" */;
			compatibilityVersion = "Xcode 3.2";
			developmentRegion = English;
			hasScannedForEncodings = 0;
			knownRegions = (
				en,
				Base,
			);
			mainGroup = F5A306341C6C838100AB8A27;
			productRefGroup = F5A3063E1C6C838100AB8A27 /* Products */;
			projectDirPath = "";
			projectRoot = "";
			targets = (
				F5A3063C1C6C838100AB8A27 /* IndixProductScanner */,
				F5A306551C6C838200AB8A27 /* IndixProductScannerTests */,
				F5A306601C6C838200AB8A27 /* IndixProductScannerUITests */,
			);
		};
/* End PBXProject section */

/* Begin PBXResourcesBuildPhase section */
		F5A3063B1C6C838100AB8A27 /* Resources */ = {
			isa = PBXResourcesBuildPhase;
			buildActionMask = 2147483647;
			files = (
				F5A306501C6C838100AB8A27 /* LaunchScreen.storyboard in Resources */,
				F5A306741C6C854E00AB8A27 /* list_titlebar_bg.png in Resources */,
				F5A3064D1C6C838100AB8A27 /* Assets.xcassets in Resources */,
				F5A3064B1C6C838100AB8A27 /* Main.storyboard in Resources */,
			);
			runOnlyForDeploymentPostprocessing = 0;
		};
		F5A306541C6C838200AB8A27 /* Resources */ = {
			isa = PBXResourcesBuildPhase;
			buildActionMask = 2147483647;
			files = (
			);
			runOnlyForDeploymentPostprocessing = 0;
		};
		F5A3065F1C6C838200AB8A27 /* Resources */ = {
			isa = PBXResourcesBuildPhase;
			buildActionMask = 2147483647;
			files = (
			);
			runOnlyForDeploymentPostprocessing = 0;
		};
/* End PBXResourcesBuildPhase section */

/* Begin PBXSourcesBuildPhase section */
		F5A306391C6C838100AB8A27 /* Sources */ = {
			isa = PBXSourcesBuildPhase;
			buildActionMask = 2147483647;
			files = (
				F594A8D91C71EB0B00D70DB6 /* OfferTableViewCell.m in Sources */,
				F5A306481C6C838100AB8A27 /* ViewController.m in Sources */,
				F5A306451C6C838100AB8A27 /* AppDelegate.m in Sources */,
				F5A306421C6C838100AB8A27 /* main.m in Sources */,
				F5F33F8D1C7AF9CD00D55FDF /* RMScannerView.m in Sources */,
				F5F33F8C1C7AF9CD00D55FDF /* RMOutlineBox.m in Sources */,
			);
			runOnlyForDeploymentPostprocessing = 0;
		};
		F5A306521C6C838200AB8A27 /* Sources */ = {
			isa = PBXSourcesBuildPhase;
			buildActionMask = 2147483647;
			files = (
			);
			runOnlyForDeploymentPostprocessing = 0;
		};
		F5A3065D1C6C838200AB8A27 /* Sources */ = {
			isa = PBXSourcesBuildPhase;
			buildActionMask = 2147483647;
			files = (
			);
			runOnlyForDeploymentPostprocessing = 0;
		};
/* End PBXSourcesBuildPhase section */

/* Begin PBXTargetDependency section */
		F5A306581C6C838200AB8A27 /* PBXTargetDependency */ = {
			isa = PBXTargetDependency;
			target = F5A3063C1C6C838100AB8A27 /* IndixProductScanner */;
			targetProxy = F5A306571C6C838200AB8A27 /* PBXContainerItemProxy */;
		};
		F5A306631C6C838200AB8A27 /* PBXTargetDependency */ = {
			isa = PBXTargetDependency;
			target = F5A3063C1C6C838100AB8A27 /* IndixProductScanner */;
			targetProxy = F5A306621C6C838200AB8A27 /* PBXContainerItemProxy */;
		};
/* End PBXTargetDependency section */

/* Begin PBXVariantGroup section */
		F5A306491C6C838100AB8A27 /* Main.storyboard */ = {
			isa = PBXVariantGroup;
			children = (
				F5A3064A1C6C838100AB8A27 /* Base */,
			);
			name = Main.storyboard;
			sourceTree = "<group>";
		};
		F5A3064E1C6C838100AB8A27 /* LaunchScreen.storyboard */ = {
			isa = PBXVariantGroup;
			children = (
				F5A3064F1C6C838100AB8A27 /* Base */,
			);
			name = LaunchScreen.storyboard;
			sourceTree = "<group>";
		};
/* End PBXVariantGroup section */

/* Begin XCBuildConfiguration section */
		F5A306681C6C838200AB8A27 /* Debug */ = {
			isa = XCBuildConfiguration;
			buildSettings = {
				ALWAYS_SEARCH_USER_PATHS = NO;
				CLANG_CXX_LANGUAGE_STANDARD = "gnu++0x";
				CLANG_CXX_LIBRARY = "libc++";
				CLANG_ENABLE_MODULES = YES;
				CLANG_ENABLE_OBJC_ARC = YES;
				CLANG_WARN_BOOL_CONVERSION = YES;
				CLANG_WARN_CONSTANT_CONVERSION = YES;
				CLANG_WARN_DIRECT_OBJC_ISA_USAGE = YES_ERROR;
				CLANG_WARN_EMPTY_BODY = YES;
				CLANG_WARN_ENUM_CONVERSION = YES;
				CLANG_WARN_INT_CONVERSION = YES;
				CLANG_WARN_OBJC_ROOT_CLASS = YES_ERROR;
				CLANG_WARN_UNREACHABLE_CODE = YES;
				CLANG_WARN__DUPLICATE_METHOD_MATCH = YES;
				"CODE_SIGN_IDENTITY[sdk=iphoneos*]" = "iPhone Developer";
				COPY_PHASE_STRIP = NO;
				DEBUG_INFORMATION_FORMAT = dwarf;
				ENABLE_STRICT_OBJC_MSGSEND = YES;
				ENABLE_TESTABILITY = YES;
				GCC_C_LANGUAGE_STANDARD = gnu99;
				GCC_DYNAMIC_NO_PIC = NO;
				GCC_NO_COMMON_BLOCKS = YES;
				GCC_OPTIMIZATION_LEVEL = 0;
				GCC_PREPROCESSOR_DEFINITIONS = (
					"DEBUG=1",
					"$(inherited)",
				);
				GCC_WARN_64_TO_32_BIT_CONVERSION = YES;
				GCC_WARN_ABOUT_RETURN_TYPE = YES_ERROR;
				GCC_WARN_UNDECLARED_SELECTOR = YES;
				GCC_WARN_UNINITIALIZED_AUTOS = YES_AGGRESSIVE;
				GCC_WARN_UNUSED_FUNCTION = YES;
				GCC_WARN_UNUSED_VARIABLE = YES;
				IPHONEOS_DEPLOYMENT_TARGET = 9.2;
				MTL_ENABLE_DEBUG_INFO = YES;
				ONLY_ACTIVE_ARCH = YES;
				SDKROOT = iphoneos;
			};
			name = Debug;
		};
		F5A306691C6C838200AB8A27 /* Release */ = {
			isa = XCBuildConfiguration;
			buildSettings = {
				ALWAYS_SEARCH_USER_PATHS = NO;
				CLANG_CXX_LANGUAGE_STANDARD = "gnu++0x";
				CLANG_CXX_LIBRARY = "libc++";
				CLANG_ENABLE_MODULES = YES;
				CLANG_ENABLE_OBJC_ARC = YES;
				CLANG_WARN_BOOL_CONVERSION = YES;
				CLANG_WARN_CONSTANT_CONVERSION = YES;
				CLANG_WARN_DIRECT_OBJC_ISA_USAGE = YES_ERROR;
				CLANG_WARN_EMPTY_BODY = YES;
				CLANG_WARN_ENUM_CONVERSION = YES;
				CLANG_WARN_INT_CONVERSION = YES;
				CLANG_WARN_OBJC_ROOT_CLASS = YES_ERROR;
				CLANG_WARN_UNREACHABLE_CODE = YES;
				CLANG_WARN__DUPLICATE_METHOD_MATCH = YES;
				"CODE_SIGN_IDENTITY[sdk=iphoneos*]" = "iPhone Developer";
				COPY_PHASE_STRIP = NO;
				DEBUG_INFORMATION_FORMAT = "dwarf-with-dsym";
				ENABLE_NS_ASSERTIONS = NO;
				ENABLE_STRICT_OBJC_MSGSEND = YES;
				GCC_C_LANGUAGE_STANDARD = gnu99;
				GCC_NO_COMMON_BLOCKS = YES;
				GCC_WARN_64_TO_32_BIT_CONVERSION = YES;
				GCC_WARN_ABOUT_RETURN_TYPE = YES_ERROR;
				GCC_WARN_UNDECLARED_SELECTOR = YES;
				GCC_WARN_UNINITIALIZED_AUTOS = YES_AGGRESSIVE;
				GCC_WARN_UNUSED_FUNCTION = YES;
				GCC_WARN_UNUSED_VARIABLE = YES;
				IPHONEOS_DEPLOYMENT_TARGET = 9.2;
				MTL_ENABLE_DEBUG_INFO = NO;
				SDKROOT = iphoneos;
				VALIDATE_PRODUCT = YES;
			};
			name = Release;
		};
		F5A3066B1C6C838200AB8A27 /* Debug */ = {
			isa = XCBuildConfiguration;
			buildSettings = {
				ASSETCATALOG_COMPILER_APPICON_NAME = AppIcon;
				INFOPLIST_FILE = IndixProductScanner/Info.plist;
				LD_RUNPATH_SEARCH_PATHS = "$(inherited) @executable_path/Frameworks";
				PRODUCT_BUNDLE_IDENTIFIER = com.bion.IndixProductScanner;
				PRODUCT_NAME = "$(TARGET_NAME)";
			};
			name = Debug;
		};
		F5A3066C1C6C838200AB8A27 /* Release */ = {
			isa = XCBuildConfiguration;
			buildSettings = {
				ASSETCATALOG_COMPILER_APPICON_NAME = AppIcon;
				INFOPLIST_FILE = IndixProductScanner/Info.plist;
				LD_RUNPATH_SEARCH_PATHS = "$(inherited) @executable_path/Frameworks";
				PRODUCT_BUNDLE_IDENTIFIER = com.bion.IndixProductScanner;
				PRODUCT_NAME = "$(TARGET_NAME)";
			};
			name = Release;
		};
		F5A3066E1C6C838200AB8A27 /* Debug */ = {
			isa = XCBuildConfiguration;
			buildSettings = {
				BUNDLE_LOADER = "$(TEST_HOST)";
				INFOPLIST_FILE = IndixProductScannerTests/Info.plist;
				LD_RUNPATH_SEARCH_PATHS = "$(inherited) @executable_path/Frameworks @loader_path/Frameworks";
				PRODUCT_BUNDLE_IDENTIFIER = com.bion.IndixProductScannerTests;
				PRODUCT_NAME = "$(TARGET_NAME)";
				TEST_HOST = "$(BUILT_PRODUCTS_DIR)/IndixProductScanner.app/IndixProductScanner";
			};
			name = Debug;
		};
		F5A3066F1C6C838200AB8A27 /* Release */ = {
			isa = XCBuildConfiguration;
			buildSettings = {
				BUNDLE_LOADER = "$(TEST_HOST)";
				INFOPLIST_FILE = IndixProductScannerTests/Info.plist;
				LD_RUNPATH_SEARCH_PATHS = "$(inherited) @executable_path/Frameworks @loader_path/Frameworks";
				PRODUCT_BUNDLE_IDENTIFIER = com.bion.IndixProductScannerTests;
				PRODUCT_NAME = "$(TARGET_NAME)";
				TEST_HOST = "$(BUILT_PRODUCTS_DIR)/IndixProductScanner.app/IndixProductScanner";
			};
			name = Release;
		};
		F5A306711C6C838200AB8A27 /* Debug */ = {
			isa = XCBuildConfiguration;
			buildSettings = {
				INFOPLIST_FILE = IndixProductScannerUITests/Info.plist;
				LD_RUNPATH_SEARCH_PATHS = "$(inherited) @executable_path/Frameworks @loader_path/Frameworks";
				PRODUCT_BUNDLE_IDENTIFIER = com.bion.IndixProductScannerUITests;
				PRODUCT_NAME = "$(TARGET_NAME)";
				TEST_TARGET_NAME = IndixProductScanner;
				USES_XCTRUNNER = YES;
			};
			name = Debug;
		};
		F5A306721C6C838200AB8A27 /* Release */ = {
			isa = XCBuildConfiguration;
			buildSettings = {
				INFOPLIST_FILE = IndixProductScannerUITests/Info.plist;
				LD_RUNPATH_SEARCH_PATHS = "$(inherited) @executable_path/Frameworks @loader_path/Frameworks";
				PRODUCT_BUNDLE_IDENTIFIER = com.bion.IndixProductScannerUITests;
				PRODUCT_NAME = "$(TARGET_NAME)";
				TEST_TARGET_NAME = IndixProductScanner;
				USES_XCTRUNNER = YES;
			};
			name = Release;
		};
/* End XCBuildConfiguration section */

/* Begin XCConfigurationList section */
		F5A306381C6C838100AB8A27 /* Build configuration list for PBXProject "IndixProductScanner" */ = {
			isa = XCConfigurationList;
			buildConfigurations = (
				F5A306681C6C838200AB8A27 /* Debug */,
				F5A306691C6C838200AB8A27 /* Release */,
			);
			defaultConfigurationIsVisible = 0;
			defaultConfigurationName = Release;
		};
		F5A3066A1C6C838200AB8A27 /* Build configuration list for PBXNativeTarget "IndixProductScanner" */ = {
			isa = XCConfigurationList;
			buildConfigurations = (
				F5A3066B1C6C838200AB8A27 /* Debug */,
				F5A3066C1C6C838200AB8A27 /* Release */,
			);
			defaultConfigurationIsVisible = 0;
			defaultConfigurationName = Release;
		};
		F5A3066D1C6C838200AB8A27 /* Build configuration list for PBXNativeTarget "IndixProductScannerTests" */ = {
			isa = XCConfigurationList;
			buildConfigurations = (
				F5A3066E1C6C838200AB8A27 /* Debug */,
				F5A3066F1C6C838200AB8A27 /* Release */,
			);
			defaultConfigurationIsVisible = 0;
			defaultConfigurationName = Release;
		};
		F5A306701C6C838200AB8A27 /* Build configuration list for PBXNativeTarget "IndixProductScannerUITests" */ = {
			isa = XCConfigurationList;
			buildConfigurations = (
				F5A306711C6C838200AB8A27 /* Debug */,
				F5A306721C6C838200AB8A27 /* Release */,
			);
			defaultConfigurationIsVisible = 0;
			defaultConfigurationName = Release;
		};
/* End XCConfigurationList section */
	};
	rootObject = F5A306351C6C838100AB8A27 /* Project object */;
}
